
Microsoft Visual Studio Solution File, Format Version 12.00
# Visual Studio Version 17
VisualStudioVersion = 17.1.32328.378
MinimumVisualStudioVersion = 10.0.40219.1
Project("{FAE04EC0-301F-11D3-BF4B-00C04F79EFBC}") = "TestGitHub", "TestGitHub\TestGitHub.csproj", "{98C3F02F-9DBE-4592-A800-EB3359BF696B}"
EndProject
Global
	GlobalSection(SolutionConfigurationPlatforms) = preSolution
		Debug|Any CPU = Debug|Any CPU
		Release|Any CPU = Release|Any CPU
	EndGlobalSection
	GlobalSection(ProjectConfigurationPlatforms) = postSolution
		{98C3F02F-9DBE-4592-A800-EB3359BF696B}.Debug|Any CPU.ActiveCfg = Debug|Any CPU
		{98C3F02F-9DBE-4592-A800-EB3359BF696B}.Debug|Any CPU.Build.0 = Debug|Any CPU
		{98C3F02F-9DBE-4592-A800-EB3359BF696B}.Release|Any CPU.ActiveCfg = Release|Any CPU
		{98C3F02F-9DBE-4592-A800-EB3359BF696B}.Release|Any CPU.Build.0 = Release|Any CPU
	EndGlobalSection
	GlobalSection(SolutionProperties) = preSolution
		HideSolutionNode = FALSE
	EndGlobalSection
	GlobalSection(ExtensibilityGlobals) = postSolution
		SolutionGuid = {0CFEBB83-9012-440F-BE8D-3727460ABAB1}
	EndGlobalSection
EndGlobal
